
Microsoft Visual Studio Solution File, Format Version 12.00
# Visual Studio Version 17
VisualStudioVersion = 17.8.34511.84
MinimumVisualStudioVersion = 10.0.40219.1
Project("{FAE04EC0-301F-11D3-BF4B-00C04F79EFBC}") = "ConsoleApp16", "ConsoleApp16\ConsoleApp16.csproj", "{EE546864-2936-43E2-AB31-685C5AD59107}"
EndProject
Global
	GlobalSection(SolutionConfigurationPlatforms) = preSolution
		Debug|Any CPU = Debug|Any CPU
		Release|Any CPU = Release|Any CPU
	EndGlobalSection
	GlobalSection(ProjectConfigurationPlatforms) = postSolution
		{EE546864-2936-43E2-AB31-685C5AD59107}.Debug|Any CPU.ActiveCfg = Debug|Any CPU
		{EE546864-2936-43E2-AB31-685C5AD59107}.Debug|Any CPU.Build.0 = Debug|Any CPU
		{EE546864-2936-43E2-AB31-685C5AD59107}.Release|Any CPU.ActiveCfg = Release|Any CPU
		{EE546864-2936-43E2-AB31-685C5AD59107}.Release|Any CPU.Build.0 = Release|Any CPU
	EndGlobalSection
	GlobalSection(SolutionProperties) = preSolution
		HideSolutionNode = FALSE
	EndGlobalSection
	GlobalSection(ExtensibilityGlobals) = postSolution
		SolutionGuid = {B73E9272-90DF-4CCF-846C-CFEEDFA43EC3}
	EndGlobalSection
EndGlobal
